{
  "version": "4",
  "specifiers": {
    "jsr:@poolifier/poolifier-web-worker@0.4.31": "0.4.31",
    "jsr:@std/assert@*": "1.0.11",
    "jsr:@std/assert@^1.0.10": "1.0.11",
    "jsr:@std/assert@^1.0.9": "1.0.11",
    "jsr:@std/async@1.0.10": "1.0.10",
    "jsr:@std/bytes@^1.0.5": "1.0.5",
    "jsr:@std/expect@1.0.9": "1.0.9",
    "jsr:@std/fmt@1.0.5": "1.0.5",
    "jsr:@std/fs@1.0.11": "1.0.11",
    "jsr:@std/internal@^1.0.5": "1.0.5",
    "jsr:@std/io@0.225.2": "0.225.2",
    "jsr:@std/path@1.0.8": "1.0.8",
    "jsr:@std/path@^1.0.8": "1.0.8",
    "jsr:@std/testing@1.0.9": "1.0.9",
    "npm:@oxc-project/types@*": "0.48.2",
    "npm:@oxc-project/types@0.49.0": "0.49.0",
    "npm:@types/esquery@1.5.4": "1.5.4",
    "npm:@types/node@*": "22.10.2",
    "npm:ansi-styles@6.2.1": "6.2.1",
    "npm:esquery@1.6.0": "1.6.0",
    "npm:fast-glob@3.3.3": "3.3.3",
    "npm:meow@13.2.0": "13.2.0",
    "npm:oxc-parser@0.48.2": "0.48.2",
    "npm:oxc-parser@0.49.0": "0.49.0"
  },
  "jsr": {
    "@poolifier/poolifier-web-worker@0.4.31": {
      "integrity": "651c799948657f3f777cc554a4301daa8c8d0745fe1d4b210ecaf7f0cc13e94e"
    },
    "@std/assert@1.0.11": {
      "integrity": "2461ef3c368fe88bc60e186e7744a93112f16fd110022e113a0849e94d1c83c1",
      "dependencies": [
        "jsr:@std/internal"
      ]
    },
    "@std/async@1.0.10": {
      "integrity": "2ff1b1c7d33d1416159989b0f69e59ec7ee8cb58510df01e454def2108b3dbec"
    },
    "@std/bytes@1.0.5": {
      "integrity": "4465dd739d7963d964c809202ebea6d5c6b8e3829ef25c6a224290fbb8a1021e"
    },
    "@std/expect@1.0.9": {
      "integrity": "108bb428f17492ac40439479e1dc55fbaae581530e905a8603f97305842a5a01",
      "dependencies": [
        "jsr:@std/assert@^1.0.9",
        "jsr:@std/internal"
      ]
    },
    "@std/fmt@1.0.5": {
      "integrity": "0cfab43364bc36650d83c425cd6d99910fc20c4576631149f0f987eddede1a4d"
    },
    "@std/fs@1.0.11": {
      "integrity": "ba674672693340c5ebdd018b4fe1af46cb08741f42b4c538154e97d217b55bdd",
      "dependencies": [
        "jsr:@std/path@^1.0.8"
      ]
    },
    "@std/internal@1.0.5": {
      "integrity": "54a546004f769c1ac9e025abd15a76b6671ddc9687e2313b67376125650dc7ba"
    },
    "@std/io@0.225.2": {
      "integrity": "3c740cd4ee4c082e6cfc86458f47e2ab7cb353dc6234d5e9b1f91a2de5f4d6c7",
      "dependencies": [
        "jsr:@std/bytes"
      ]
    },
    "@std/path@1.0.8": {
      "integrity": "548fa456bb6a04d3c1a1e7477986b6cffbce95102d0bb447c67c4ee70e0364be"
    },
    "@std/testing@1.0.9": {
      "integrity": "9bdd4ac07cb13e7594ac30e90f6ceef7254ac83a9aeaa089be0008f33aab5cd4",
      "dependencies": [
        "jsr:@std/assert@^1.0.10",
        "jsr:@std/internal"
      ]
    }
  },
  "npm": {
    "@nodelib/fs.scandir@2.1.5": {
      "integrity": "sha512-vq24Bq3ym5HEQm2NKCr3yXDwjc7vTsEThRDnkp2DK9p1uqLR+DHurm/NOTo0KG7HYHU7eppKZj3MyqYuMBf62g==",
      "dependencies": [
        "@nodelib/fs.stat",
        "run-parallel"
      ]
    },
    "@nodelib/fs.stat@2.0.5": {
      "integrity": "sha512-RkhPPp2zrqDAQA/2jNhnztcPAlv64XdhIp7a7454A5ovI7Bukxgt7MX7udwAu3zg1DcpPU0rz3VV1SeaqvY4+A=="
    },
    "@nodelib/fs.walk@1.2.8": {
      "integrity": "sha512-oGB+UxlgWcgQkgwo8GcEGwemoTFt3FIO9ababBmaGwXIoBKZ+GTy0pP185beGg7Llih/NSHSV2XAs1lnznocSg==",
      "dependencies": [
        "@nodelib/fs.scandir",
        "fastq"
      ]
    },
    "@oxc-parser/binding-darwin-arm64@0.48.2": {
      "integrity": "sha512-3JY3K6AXq6QyloxLJkK9s7VFcrGU7Of8tG0bf9lIFzeNzmJDQAGUMYUkfUzDubx9prlNLCbxsgBTww5PjKgQeQ=="
    },
    "@oxc-parser/binding-darwin-arm64@0.49.0": {
      "integrity": "sha512-JSfNju7uktEGWxUnx0VePeUj/H/1XeoS19JiVEqdwmg6M0D+DBwt2M1jVRghpkz7fDcqn83n3W50ixIpcYaosw=="
    },
    "@oxc-parser/binding-darwin-x64@0.48.2": {
      "integrity": "sha512-v1MQnfx2iwoy1eMJYHRwHsp8FA9HK4xa+oqx6XEhxft6yVwrt+gVIBAU6jUAk783OGkmvIbZbw8uVosg+YYOGA=="
    },
    "@oxc-parser/binding-darwin-x64@0.49.0": {
      "integrity": "sha512-WW/gBCvMuiRMkVSGBYy2jjPuPqJpVg2H8/B/p7cxHeIbP8Q3vfjSHIqf4rlNvLb4GpEM9Iq69kTfy1cqXZqTBw=="
    },
    "@oxc-parser/binding-linux-arm64-gnu@0.48.2": {
      "integrity": "sha512-g9FUS++WwVJmrsZHS3vi7mlLQYHKL/tbX7H8ERlQhLp01JzD3zyyHzieVqeClV7B+nQSctyurpwmYuOD4grZPw=="
    },
    "@oxc-parser/binding-linux-arm64-gnu@0.49.0": {
      "integrity": "sha512-hE7cyO6ZIdRt5qMFASd0HgFNp366kZNQSetvJU8UM+vvy7zjhyqdGrkmaH8wi33ULnh+qa+dVM5Z6I8fnwEzbw=="
    },
    "@oxc-parser/binding-linux-arm64-musl@0.48.2": {
      "integrity": "sha512-r5S+2IRW8QCL8eSv1gzp/nMTt1WbS04etm5mvM/55SH2G6bXJ8MNfcj3KATjmD/JvfNvsDVB80VlwI6HUNX+WQ=="
    },
    "@oxc-parser/binding-linux-arm64-musl@0.49.0": {
      "integrity": "sha512-HE6rYq/d3gtwsvTRH8Rkw8XbhQ1fUIFWFA4/hBavVRvBAIR3Czt92NC7zSIgTS7pLSLQSiBX7x/GjLxGAtIEyw=="
    },
    "@oxc-parser/binding-linux-x64-gnu@0.48.2": {
      "integrity": "sha512-f10drS9TBekdHh37TSWYSGLgKBAofC7zuRjnTTuH1sXWTxRzmshs8p4WNVYcqImfgix48o3H0uwIFNm/UsSkfA=="
    },
    "@oxc-parser/binding-linux-x64-gnu@0.49.0": {
      "integrity": "sha512-h+YaMq/5uE1p8Kr/sOEV9RZkOS77cfkt1Ym2Sq+EGM07qWLKwft2tLQk4iXddWTxpHiJeJK4oApZv6tXfS19rg=="
    },
    "@oxc-parser/binding-linux-x64-musl@0.48.2": {
      "integrity": "sha512-rUAOgodK1wW++RO2xBjvXJtALVyKbXDkaiG61Ob5+f9M4gfD6kfci2cqOT4dD5z2+zxB4dC71DaaOdwM20Yx9Q=="
    },
    "@oxc-parser/binding-linux-x64-musl@0.49.0": {
      "integrity": "sha512-M6gFnRttgpbOptu5G/xoTI2ksTKR8FWd+SZ55ShRSwdIN3J9+ecV5XdTy/t5Yi9dT1PMowkErbcpsLGb9+WuxQ=="
    },
    "@oxc-parser/binding-win32-arm64-msvc@0.48.2": {
      "integrity": "sha512-xHMx56Xd0gXp3nwrIJ8Z6Hny2Mvj5jSAUUkd8cYakItA7LNGWYl3EeFKErRXh/Qyd9uhuB4BqSr0CjiMU40vsg=="
    },
    "@oxc-parser/binding-win32-arm64-msvc@0.49.0": {
      "integrity": "sha512-ZmvvWYIj2gxGO/EunOeuSXTBeSDdJ2A/cIpGC7ELIYkMTXzAISDFVxKKYHpr2zwKFd73Wb1qNcLpUPTxjM9Cjw=="
    },
    "@oxc-parser/binding-win32-x64-msvc@0.48.2": {
      "integrity": "sha512-lOszFeGRNeiShsS2GJBzFBrMiDFhxCi0ddBc3tewtmjXsrb84dNuzM8+JgG6x9WQMIcLB68YZGjtOL+63cC/EQ=="
    },
    "@oxc-parser/binding-win32-x64-msvc@0.49.0": {
      "integrity": "sha512-jGOwF0qTua5HSw3umgBUl3tl79NL14KZkvcHRwmFtBhcc3sPF+Mqq5OeOArKXgdBHnHGOfxSHHlV3LFRuQ5zgw=="
    },
    "@oxc-project/types@0.48.2": {
      "integrity": "sha512-i2+xs0EKA7Ich5GP4rNyQnO+1Oio6XqzmQQSSVlNxyCPRUvp4V0ovY/e28K4F1vwakc51B251iSKbtHw03sZOw=="
    },
    "@oxc-project/types@0.49.0": {
      "integrity": "sha512-W+Bl4nvMEsVcFnThKiDEHDiZa9ZRfzyKLQbJd7260+4kWSTnPdPhgW1WpbXlyBL/JyirOI5yCnrq8h2A4UlY5g=="
    },
    "@types/esquery@1.5.4": {
      "integrity": "sha512-yYO4Q8H+KJHKW1rEeSzHxcZi90durqYgWVfnh5K6ZADVBjBv2e1NEveYX5yT2bffgN7RqzH3k9930m+i2yBoMA==",
      "dependencies": [
        "@types/estree"
      ]
    },
    "@types/estree@1.0.6": {
      "integrity": "sha512-AYnb1nQyY49te+VRAVgmzfcgjYS91mY5P0TKUDCLEM+gNnA+3T6rWITXRLYCpahpqSQbN5cE+gHpnPyXjHWxcw=="
    },
    "@types/node@22.10.2": {
      "integrity": "sha512-Xxr6BBRCAOQixvonOye19wnzyDiUtTeqldOOmj3CkeblonbccA12PFwlufvRdrpjXxqnmUaeiU5EOA+7s5diUQ==",
      "dependencies": [
        "undici-types"
      ]
    },
    "ansi-styles@6.2.1": {
      "integrity": "sha512-bN798gFfQX+viw3R7yrGWRqnrN2oRkEkUjjl4JNn4E8GxxbjtG3FbrEIIY3l8/hrwUwIeCZvi4QuOTP4MErVug=="
    },
    "braces@3.0.3": {
      "integrity": "sha512-yQbXgO/OSZVD2IsiLlro+7Hf6Q18EJrKSEsdoMzKePKXct3gvD8oLcOQdIzGupr5Fj+EDe8gO/lxc1BzfMpxvA==",
      "dependencies": [
        "fill-range"
      ]
    },
    "esquery@1.6.0": {
      "integrity": "sha512-ca9pw9fomFcKPvFLXhBKUK90ZvGibiGOvRJNbjljY7s7uq/5YO4BOzcYtJqExdx99rF6aAcnRxHmcUHcz6sQsg==",
      "dependencies": [
        "estraverse"
      ]
    },
    "estraverse@5.3.0": {
      "integrity": "sha512-MMdARuVEQziNTeJD8DgMqmhwR11BRQ/cBP+pLtYdSTnf3MIO8fFeiINEbX36ZdNlfU/7A9f3gUw49B3oQsvwBA=="
    },
    "fast-glob@3.3.3": {
      "integrity": "sha512-7MptL8U0cqcFdzIzwOTHoilX9x5BrNqye7Z/LuC7kCMRio1EMSyqRK3BEAUD7sXRq4iT4AzTVuZdhgQ2TCvYLg==",
      "dependencies": [
        "@nodelib/fs.stat",
        "@nodelib/fs.walk",
        "glob-parent",
        "merge2",
        "micromatch"
      ]
    },
    "fastq@1.19.0": {
      "integrity": "sha512-7SFSRCNjBQIZH/xZR3iy5iQYR8aGBE0h3VG6/cwlbrpdciNYBMotQav8c1XI3HjHH+NikUpP53nPdlZSdWmFzA==",
      "dependencies": [
        "reusify"
      ]
    },
    "fill-range@7.1.1": {
      "integrity": "sha512-YsGpe3WHLK8ZYi4tWDg2Jy3ebRz2rXowDxnld4bkQB00cc/1Zw9AWnC0i9ztDJitivtQvaI9KaLyKrc+hBW0yg==",
      "dependencies": [
        "to-regex-range"
      ]
    },
    "glob-parent@5.1.2": {
      "integrity": "sha512-AOIgSQCepiJYwP3ARnGx+5VnTu2HBYdzbGP45eLw1vr3zB3vZLeyed1sC9hnbcOc9/SrMyM5RPQrkGz4aS9Zow==",
      "dependencies": [
        "is-glob"
      ]
    },
    "is-extglob@2.1.1": {
      "integrity": "sha512-SbKbANkN603Vi4jEZv49LeVJMn4yGwsbzZworEoyEiutsN3nJYdbO36zfhGJ6QEDpOZIFkDtnq5JRxmvl3jsoQ=="
    },
    "is-glob@4.0.3": {
      "integrity": "sha512-xelSayHH36ZgE7ZWhli7pW34hNbNl8Ojv5KVmkJD4hBdD3th8Tfk9vYasLM+mXWOZhFkgZfxhLSnrwRr4elSSg==",
      "dependencies": [
        "is-extglob"
      ]
    },
    "is-number@7.0.0": {
      "integrity": "sha512-41Cifkg6e8TylSpdtTpeLVMqvSBEVzTttHvERD741+pnZ8ANv0004MRL43QKPDlK9cGvNp6NZWZUBlbGXYxxng=="
    },
    "meow@13.2.0": {
      "integrity": "sha512-pxQJQzB6djGPXh08dacEloMFopsOqGVRKFPYvPOt9XDZ1HasbgDZA74CJGreSU4G3Ak7EFJGoiH2auq+yXISgA=="
    },
    "merge2@1.4.1": {
      "integrity": "sha512-8q7VEgMJW4J8tcfVPy8g09NcQwZdbwFEqhe/WZkoIzjn/3TGDwtOCYtXGxA3O8tPzpczCCDgv+P2P5y00ZJOOg=="
    },
    "micromatch@4.0.8": {
      "integrity": "sha512-PXwfBhYu0hBCPw8Dn0E+WDYb7af3dSLVWKi3HGv84IdF4TyFoC0ysxFd0Goxw7nSv4T/PzEJQxsYsEiFCKo2BA==",
      "dependencies": [
        "braces",
        "picomatch"
      ]
    },
    "oxc-parser@0.48.2": {
      "integrity": "sha512-UlCh4q1FrPNlc0WzPA5cw0SRnGprpn8o4aRU05ceeqTfbT2KoRus9X1bkHGngSP6n7IXUHUPJ6hs3mJW1GBu/w==",
      "dependencies": [
        "@oxc-parser/binding-darwin-arm64@0.48.2",
        "@oxc-parser/binding-darwin-x64@0.48.2",
        "@oxc-parser/binding-linux-arm64-gnu@0.48.2",
        "@oxc-parser/binding-linux-arm64-musl@0.48.2",
        "@oxc-parser/binding-linux-x64-gnu@0.48.2",
        "@oxc-parser/binding-linux-x64-musl@0.48.2",
        "@oxc-parser/binding-win32-arm64-msvc@0.48.2",
        "@oxc-parser/binding-win32-x64-msvc@0.48.2",
        "@oxc-project/types@0.48.2"
      ]
    },
    "oxc-parser@0.49.0": {
      "integrity": "sha512-A7NOBVdB6sxLgPVlSsTkrHoVayaHeVoYXGGVpMdxPyTbYVqf0FQ7ZG8sjHgV6YKeZ8w7eVdvqOOjdBe00SBVAA==",
      "dependencies": [
        "@oxc-parser/binding-darwin-arm64@0.49.0",
        "@oxc-parser/binding-darwin-x64@0.49.0",
        "@oxc-parser/binding-linux-arm64-gnu@0.49.0",
        "@oxc-parser/binding-linux-arm64-musl@0.49.0",
        "@oxc-parser/binding-linux-x64-gnu@0.49.0",
        "@oxc-parser/binding-linux-x64-musl@0.49.0",
        "@oxc-parser/binding-win32-arm64-msvc@0.49.0",
        "@oxc-parser/binding-win32-x64-msvc@0.49.0",
        "@oxc-project/types@0.49.0"
      ]
    },
    "picomatch@2.3.1": {
      "integrity": "sha512-JU3teHTNjmE2VCGFzuY8EXzCDVwEqB2a8fsIvwaStHhAWJEeVd1o1QD80CU6+ZdEXXSLbSsuLwJjkCBWqRQUVA=="
    },
    "queue-microtask@1.2.3": {
      "integrity": "sha512-NuaNSa6flKT5JaSYQzJok04JzTL1CA6aGhv5rfLW3PgqA+M2ChpZQnAC8h8i4ZFkBS8X5RqkDBHA7r4hej3K9A=="
    },
    "reusify@1.0.4": {
      "integrity": "sha512-U9nH88a3fc/ekCF1l0/UP1IosiuIjyTh7hBvXVMHYgVcfGvt897Xguj2UOLDeI5BG2m7/uwyaLVT6fbtCwTyzw=="
    },
    "run-parallel@1.2.0": {
      "integrity": "sha512-5l4VyZR86LZ/lDxZTR6jqL8AFE2S0IFLMP26AbjsLVADxHdhB/c0GUsH+y39UfCi3dzz8OlQuPmnaJOMoDHQBA==",
      "dependencies": [
        "queue-microtask"
      ]
    },
    "to-regex-range@5.0.1": {
      "integrity": "sha512-65P7iz6X5yEr1cwcgvQxbbIw7Uk3gOy5dIdtZ4rDveLqhrdJP+Li/Hx6tyK0NEb+2GCyneCMJiGqrADCSNk8sQ==",
      "dependencies": [
        "is-number"
      ]
    },
    "undici-types@6.20.0": {
      "integrity": "sha512-Ny6QZ2Nju20vw1SRHe3d9jVu6gJ+4e3+MMpqu7pqE5HT6WsTSlce++GQmK5UXS8mzV8DSYHrQH+Xrf2jVcuKNg=="
    }
  }
}
