{
  "version": "4",
  "specifiers": {
    "npm:@types/esquery@1.5.4": "1.5.4",
    "npm:@types/node@*": "22.10.2",
    "npm:ansi-styles@6.2.1": "6.2.1",
    "npm:esquery@1.6.0": "1.6.0",
    "npm:meow@13.2.0": "13.2.0",
    "npm:oxc-parser@0.48.2": "0.48.2"
  },
  "npm": {
    "@oxc-parser/binding-darwin-arm64@0.48.2": {
      "integrity": "sha512-3JY3K6AXq6QyloxLJkK9s7VFcrGU7Of8tG0bf9lIFzeNzmJDQAGUMYUkfUzDubx9prlNLCbxsgBTww5PjKgQeQ=="
    },
    "@oxc-parser/binding-darwin-x64@0.48.2": {
      "integrity": "sha512-v1MQnfx2iwoy1eMJYHRwHsp8FA9HK4xa+oqx6XEhxft6yVwrt+gVIBAU6jUAk783OGkmvIbZbw8uVosg+YYOGA=="
    },
    "@oxc-parser/binding-linux-arm64-gnu@0.48.2": {
      "integrity": "sha512-g9FUS++WwVJmrsZHS3vi7mlLQYHKL/tbX7H8ERlQhLp01JzD3zyyHzieVqeClV7B+nQSctyurpwmYuOD4grZPw=="
    },
    "@oxc-parser/binding-linux-arm64-musl@0.48.2": {
      "integrity": "sha512-r5S+2IRW8QCL8eSv1gzp/nMTt1WbS04etm5mvM/55SH2G6bXJ8MNfcj3KATjmD/JvfNvsDVB80VlwI6HUNX+WQ=="
    },
    "@oxc-parser/binding-linux-x64-gnu@0.48.2": {
      "integrity": "sha512-f10drS9TBekdHh37TSWYSGLgKBAofC7zuRjnTTuH1sXWTxRzmshs8p4WNVYcqImfgix48o3H0uwIFNm/UsSkfA=="
    },
    "@oxc-parser/binding-linux-x64-musl@0.48.2": {
      "integrity": "sha512-rUAOgodK1wW++RO2xBjvXJtALVyKbXDkaiG61Ob5+f9M4gfD6kfci2cqOT4dD5z2+zxB4dC71DaaOdwM20Yx9Q=="
    },
    "@oxc-parser/binding-win32-arm64-msvc@0.48.2": {
      "integrity": "sha512-xHMx56Xd0gXp3nwrIJ8Z6Hny2Mvj5jSAUUkd8cYakItA7LNGWYl3EeFKErRXh/Qyd9uhuB4BqSr0CjiMU40vsg=="
    },
    "@oxc-parser/binding-win32-x64-msvc@0.48.2": {
      "integrity": "sha512-lOszFeGRNeiShsS2GJBzFBrMiDFhxCi0ddBc3tewtmjXsrb84dNuzM8+JgG6x9WQMIcLB68YZGjtOL+63cC/EQ=="
    },
    "@oxc-project/types@0.48.2": {
      "integrity": "sha512-i2+xs0EKA7Ich5GP4rNyQnO+1Oio6XqzmQQSSVlNxyCPRUvp4V0ovY/e28K4F1vwakc51B251iSKbtHw03sZOw=="
    },
    "@types/esquery@1.5.4": {
      "integrity": "sha512-yYO4Q8H+KJHKW1rEeSzHxcZi90durqYgWVfnh5K6ZADVBjBv2e1NEveYX5yT2bffgN7RqzH3k9930m+i2yBoMA==",
      "dependencies": [
        "@types/estree"
      ]
    },
    "@types/estree@1.0.6": {
      "integrity": "sha512-AYnb1nQyY49te+VRAVgmzfcgjYS91mY5P0TKUDCLEM+gNnA+3T6rWITXRLYCpahpqSQbN5cE+gHpnPyXjHWxcw=="
    },
    "@types/node@22.10.2": {
      "integrity": "sha512-Xxr6BBRCAOQixvonOye19wnzyDiUtTeqldOOmj3CkeblonbccA12PFwlufvRdrpjXxqnmUaeiU5EOA+7s5diUQ==",
      "dependencies": [
        "undici-types"
      ]
    },
    "ansi-styles@6.2.1": {
      "integrity": "sha512-bN798gFfQX+viw3R7yrGWRqnrN2oRkEkUjjl4JNn4E8GxxbjtG3FbrEIIY3l8/hrwUwIeCZvi4QuOTP4MErVug=="
    },
    "esquery@1.6.0": {
      "integrity": "sha512-ca9pw9fomFcKPvFLXhBKUK90ZvGibiGOvRJNbjljY7s7uq/5YO4BOzcYtJqExdx99rF6aAcnRxHmcUHcz6sQsg==",
      "dependencies": [
        "estraverse"
      ]
    },
    "estraverse@5.3.0": {
      "integrity": "sha512-MMdARuVEQziNTeJD8DgMqmhwR11BRQ/cBP+pLtYdSTnf3MIO8fFeiINEbX36ZdNlfU/7A9f3gUw49B3oQsvwBA=="
    },
    "meow@13.2.0": {
      "integrity": "sha512-pxQJQzB6djGPXh08dacEloMFopsOqGVRKFPYvPOt9XDZ1HasbgDZA74CJGreSU4G3Ak7EFJGoiH2auq+yXISgA=="
    },
    "oxc-parser@0.48.2": {
      "integrity": "sha512-UlCh4q1FrPNlc0WzPA5cw0SRnGprpn8o4aRU05ceeqTfbT2KoRus9X1bkHGngSP6n7IXUHUPJ6hs3mJW1GBu/w==",
      "dependencies": [
        "@oxc-parser/binding-darwin-arm64",
        "@oxc-parser/binding-darwin-x64",
        "@oxc-parser/binding-linux-arm64-gnu",
        "@oxc-parser/binding-linux-arm64-musl",
        "@oxc-parser/binding-linux-x64-gnu",
        "@oxc-parser/binding-linux-x64-musl",
        "@oxc-parser/binding-win32-arm64-msvc",
        "@oxc-parser/binding-win32-x64-msvc",
        "@oxc-project/types"
      ]
    },
    "undici-types@6.20.0": {
      "integrity": "sha512-Ny6QZ2Nju20vw1SRHe3d9jVu6gJ+4e3+MMpqu7pqE5HT6WsTSlce++GQmK5UXS8mzV8DSYHrQH+Xrf2jVcuKNg=="
    }
  }
}
